
Microsoft Visual Studio Solution File, Format Version 12.00
# Visual Studio Version 17
VisualStudioVersion = 17.0.32112.339
MinimumVisualStudioVersion = 10.0.40219.1
Project("{2150E333-8FDC-42A3-9474-1A3956D46DE8}") = "building blocks", "building blocks", "{C6489BB4-1FF5-46E2-8635-A7349F569D29}"
EndProject
Project("{2150E333-8FDC-42A3-9474-1A3956D46DE8}") = "src", "src", "{2B1A9115-A053-4B8E-B2CF-AA58730F0D69}"
EndProject
Project("{2150E333-8FDC-42A3-9474-1A3956D46DE8}") = "services", "services", "{3397B8B2-E3A0-417F-94E3-3075E62C8E7D}"
EndProject
Project("{2150E333-8FDC-42A3-9474-1A3956D46DE8}") = "web", "web", "{A4CAEF22-D3FE-48A8-8C67-2345194926AB}"
EndProject
Project("{2150E333-8FDC-42A3-9474-1A3956D46DE8}") = "Identidade", "Identidade", "{AF997340-06B1-403B-BFDC-0FA4B37593BA}"
EndProject
Project("{FAE04EC0-301F-11D3-BF4B-00C04F79EFBC}") = "ES.Identidade.API", "src\services\ES.Identidade.API\ES.Identidade.API.csproj", "{F4770137-6617-43F5-B2FB-9546B91D87CE}"
EndProject
Project("{2150E333-8FDC-42A3-9474-1A3956D46DE8}") = "mvc", "mvc", "{B716B81F-C7E2-4AA8-94E8-CAC6378F9A4C}"
EndProject
Project("{FAE04EC0-301F-11D3-BF4B-00C04F79EFBC}") = "ES.WebApp.MVC", "src\web\ES.WebApp.MVC\ES.WebApp.MVC.csproj", "{C66903AA-BAF1-48F8-BC0A-AEBB2CA97CE5}"
EndProject
Project("{2150E333-8FDC-42A3-9474-1A3956D46DE8}") = "Core", "Core", "{B05E15BC-1061-4E07-9CCE-2C5B1F118DF2}"
EndProject
Project("{FAE04EC0-301F-11D3-BF4B-00C04F79EFBC}") = "ES.Core", "src\building blocks\ES.Core\ES.Core.csproj", "{53BC1BC1-1F1B-4B38-ACAE-43C9FD7EF91F}"
EndProject
Project("{2150E333-8FDC-42A3-9474-1A3956D46DE8}") = "carrinho", "carrinho", "{A6A15937-046C-43D4-9E1A-9C511CC9BD38}"
EndProject
Project("{FAE04EC0-301F-11D3-BF4B-00C04F79EFBC}") = "ES.Carrinho.API", "src\services\ES.Carrinho.API\ES.Carrinho.API.csproj", "{AE8C7144-81CA-45B0-BB58-B9F215829EF1}"
EndProject
Project("{2150E333-8FDC-42A3-9474-1A3956D46DE8}") = "Catalogo", "Catalogo", "{C7E61D26-EF8B-4E1B-9F4A-016A0E9D72C2}"
EndProject
Project("{FAE04EC0-301F-11D3-BF4B-00C04F79EFBC}") = "ES.Catalogo.API", "src\services\ES.Catalogo.API\ES.Catalogo.API.csproj", "{A62CA8E4-8C6F-4888-A541-117ABA01996B}"
EndProject
Project("{2150E333-8FDC-42A3-9474-1A3956D46DE8}") = "Cliente", "Cliente", "{8EDA7ED6-DDF4-46A3-8798-921B423A3634}"
EndProject
Project("{FAE04EC0-301F-11D3-BF4B-00C04F79EFBC}") = "ES.Cliente.API", "src\services\ES.Cliente.API\ES.Cliente.API.csproj", "{C0FE494E-A4AF-499A-8379-405D8550F77E}"
EndProject
Project("{2150E333-8FDC-42A3-9474-1A3956D46DE8}") = "Pagamento", "Pagamento", "{89FBBBC7-19B7-4746-8754-A1B202992F41}"
EndProject
Project("{FAE04EC0-301F-11D3-BF4B-00C04F79EFBC}") = "ES.Pagamento.API", "src\services\ES.Pagamento.API\ES.Pagamento.API.csproj", "{2FF6A666-1643-4F94-B6C3-EBC2EE78A0C1}"
EndProject
Project("{2150E333-8FDC-42A3-9474-1A3956D46DE8}") = "Pedido", "Pedido", "{E9574EEF-A937-47D7-A02D-BF8E69A8D5BF}"
EndProject
Project("{FAE04EC0-301F-11D3-BF4B-00C04F79EFBC}") = "ES.Pedido.API", "src\services\ES.Pedido.API\ES.Pedido.API.csproj", "{0F3DC737-AD8E-49CA-99A4-D1DE7106A20E}"
EndProject
Global
	GlobalSection(SolutionConfigurationPlatforms) = preSolution
		Debug|Any CPU = Debug|Any CPU
		Release|Any CPU = Release|Any CPU
	EndGlobalSection
	GlobalSection(ProjectConfigurationPlatforms) = postSolution
		{F4770137-6617-43F5-B2FB-9546B91D87CE}.Debug|Any CPU.ActiveCfg = Debug|Any CPU
		{F4770137-6617-43F5-B2FB-9546B91D87CE}.Debug|Any CPU.Build.0 = Debug|Any CPU
		{F4770137-6617-43F5-B2FB-9546B91D87CE}.Release|Any CPU.ActiveCfg = Release|Any CPU
		{F4770137-6617-43F5-B2FB-9546B91D87CE}.Release|Any CPU.Build.0 = Release|Any CPU
		{C66903AA-BAF1-48F8-BC0A-AEBB2CA97CE5}.Debug|Any CPU.ActiveCfg = Debug|Any CPU
		{C66903AA-BAF1-48F8-BC0A-AEBB2CA97CE5}.Debug|Any CPU.Build.0 = Debug|Any CPU
		{C66903AA-BAF1-48F8-BC0A-AEBB2CA97CE5}.Release|Any CPU.ActiveCfg = Release|Any CPU
		{C66903AA-BAF1-48F8-BC0A-AEBB2CA97CE5}.Release|Any CPU.Build.0 = Release|Any CPU
		{53BC1BC1-1F1B-4B38-ACAE-43C9FD7EF91F}.Debug|Any CPU.ActiveCfg = Debug|Any CPU
		{53BC1BC1-1F1B-4B38-ACAE-43C9FD7EF91F}.Debug|Any CPU.Build.0 = Debug|Any CPU
		{53BC1BC1-1F1B-4B38-ACAE-43C9FD7EF91F}.Release|Any CPU.ActiveCfg = Release|Any CPU
		{53BC1BC1-1F1B-4B38-ACAE-43C9FD7EF91F}.Release|Any CPU.Build.0 = Release|Any CPU
		{AE8C7144-81CA-45B0-BB58-B9F215829EF1}.Debug|Any CPU.ActiveCfg = Debug|Any CPU
		{AE8C7144-81CA-45B0-BB58-B9F215829EF1}.Debug|Any CPU.Build.0 = Debug|Any CPU
		{AE8C7144-81CA-45B0-BB58-B9F215829EF1}.Release|Any CPU.ActiveCfg = Release|Any CPU
		{AE8C7144-81CA-45B0-BB58-B9F215829EF1}.Release|Any CPU.Build.0 = Release|Any CPU
		{A62CA8E4-8C6F-4888-A541-117ABA01996B}.Debug|Any CPU.ActiveCfg = Debug|Any CPU
		{A62CA8E4-8C6F-4888-A541-117ABA01996B}.Debug|Any CPU.Build.0 = Debug|Any CPU
		{A62CA8E4-8C6F-4888-A541-117ABA01996B}.Release|Any CPU.ActiveCfg = Release|Any CPU
		{A62CA8E4-8C6F-4888-A541-117ABA01996B}.Release|Any CPU.Build.0 = Release|Any CPU
		{C0FE494E-A4AF-499A-8379-405D8550F77E}.Debug|Any CPU.ActiveCfg = Debug|Any CPU
		{C0FE494E-A4AF-499A-8379-405D8550F77E}.Debug|Any CPU.Build.0 = Debug|Any CPU
		{C0FE494E-A4AF-499A-8379-405D8550F77E}.Release|Any CPU.ActiveCfg = Release|Any CPU
		{C0FE494E-A4AF-499A-8379-405D8550F77E}.Release|Any CPU.Build.0 = Release|Any CPU
		{2FF6A666-1643-4F94-B6C3-EBC2EE78A0C1}.Debug|Any CPU.ActiveCfg = Debug|Any CPU
		{2FF6A666-1643-4F94-B6C3-EBC2EE78A0C1}.Debug|Any CPU.Build.0 = Debug|Any CPU
		{2FF6A666-1643-4F94-B6C3-EBC2EE78A0C1}.Release|Any CPU.ActiveCfg = Release|Any CPU
		{2FF6A666-1643-4F94-B6C3-EBC2EE78A0C1}.Release|Any CPU.Build.0 = Release|Any CPU
		{0F3DC737-AD8E-49CA-99A4-D1DE7106A20E}.Debug|Any CPU.ActiveCfg = Debug|Any CPU
		{0F3DC737-AD8E-49CA-99A4-D1DE7106A20E}.Debug|Any CPU.Build.0 = Debug|Any CPU
		{0F3DC737-AD8E-49CA-99A4-D1DE7106A20E}.Release|Any CPU.ActiveCfg = Release|Any CPU
		{0F3DC737-AD8E-49CA-99A4-D1DE7106A20E}.Release|Any CPU.Build.0 = Release|Any CPU
	EndGlobalSection
	GlobalSection(SolutionProperties) = preSolution
		HideSolutionNode = FALSE
	EndGlobalSection
	GlobalSection(NestedProjects) = preSolution
		{C6489BB4-1FF5-46E2-8635-A7349F569D29} = {2B1A9115-A053-4B8E-B2CF-AA58730F0D69}
		{3397B8B2-E3A0-417F-94E3-3075E62C8E7D} = {2B1A9115-A053-4B8E-B2CF-AA58730F0D69}
		{A4CAEF22-D3FE-48A8-8C67-2345194926AB} = {2B1A9115-A053-4B8E-B2CF-AA58730F0D69}
		{AF997340-06B1-403B-BFDC-0FA4B37593BA} = {3397B8B2-E3A0-417F-94E3-3075E62C8E7D}
		{F4770137-6617-43F5-B2FB-9546B91D87CE} = {AF997340-06B1-403B-BFDC-0FA4B37593BA}
		{B716B81F-C7E2-4AA8-94E8-CAC6378F9A4C} = {A4CAEF22-D3FE-48A8-8C67-2345194926AB}
		{C66903AA-BAF1-48F8-BC0A-AEBB2CA97CE5} = {B716B81F-C7E2-4AA8-94E8-CAC6378F9A4C}
		{B05E15BC-1061-4E07-9CCE-2C5B1F118DF2} = {C6489BB4-1FF5-46E2-8635-A7349F569D29}
		{53BC1BC1-1F1B-4B38-ACAE-43C9FD7EF91F} = {B05E15BC-1061-4E07-9CCE-2C5B1F118DF2}
		{A6A15937-046C-43D4-9E1A-9C511CC9BD38} = {3397B8B2-E3A0-417F-94E3-3075E62C8E7D}
		{AE8C7144-81CA-45B0-BB58-B9F215829EF1} = {A6A15937-046C-43D4-9E1A-9C511CC9BD38}
		{C7E61D26-EF8B-4E1B-9F4A-016A0E9D72C2} = {3397B8B2-E3A0-417F-94E3-3075E62C8E7D}
		{A62CA8E4-8C6F-4888-A541-117ABA01996B} = {C7E61D26-EF8B-4E1B-9F4A-016A0E9D72C2}
		{8EDA7ED6-DDF4-46A3-8798-921B423A3634} = {3397B8B2-E3A0-417F-94E3-3075E62C8E7D}
		{C0FE494E-A4AF-499A-8379-405D8550F77E} = {8EDA7ED6-DDF4-46A3-8798-921B423A3634}
		{89FBBBC7-19B7-4746-8754-A1B202992F41} = {3397B8B2-E3A0-417F-94E3-3075E62C8E7D}
		{2FF6A666-1643-4F94-B6C3-EBC2EE78A0C1} = {89FBBBC7-19B7-4746-8754-A1B202992F41}
		{E9574EEF-A937-47D7-A02D-BF8E69A8D5BF} = {3397B8B2-E3A0-417F-94E3-3075E62C8E7D}
		{0F3DC737-AD8E-49CA-99A4-D1DE7106A20E} = {E9574EEF-A937-47D7-A02D-BF8E69A8D5BF}
	EndGlobalSection
	GlobalSection(ExtensibilityGlobals) = postSolution
		SolutionGuid = {6245876A-E97C-44F1-B95F-639D067C4C7D}
	EndGlobalSection
EndGlobal
